
Microsoft Visual Studio Solution File, Format Version 12.00
# Visual Studio Version 16
VisualStudioVersion = 16.0.32126.315
MinimumVisualStudioVersion = 10.0.40219.1
Project("{FAE04EC0-301F-11D3-BF4B-00C04F79EFBC}") = "RecorderWinForms", "RecorderWinForms\RecorderWinForms.csproj", "{E9585BF9-5E6F-4531-B777-D89BDF045443}"
EndProject
Global
	GlobalSection(SolutionConfigurationPlatforms) = preSolution
		Debug|Any CPU = Debug|Any CPU
		Release|Any CPU = Release|Any CPU
	EndGlobalSection
	GlobalSection(ProjectConfigurationPlatforms) = postSolution
		{E9585BF9-5E6F-4531-B777-D89BDF045443}.Debug|Any CPU.ActiveCfg = Debug|Any CPU
		{E9585BF9-5E6F-4531-B777-D89BDF045443}.Debug|Any CPU.Build.0 = Debug|Any CPU
		{E9585BF9-5E6F-4531-B777-D89BDF045443}.Release|Any CPU.ActiveCfg = Release|Any CPU
		{E9585BF9-5E6F-4531-B777-D89BDF045443}.Release|Any CPU.Build.0 = Release|Any CPU
	EndGlobalSection
	GlobalSection(SolutionProperties) = preSolution
		HideSolutionNode = FALSE
	EndGlobalSection
	GlobalSection(ExtensibilityGlobals) = postSolution
		SolutionGuid = {6652F2C4-2C0D-4AFF-B941-A957E3ECC3B4}
	EndGlobalSection
EndGlobal
